
Microsoft Visual Studio Solution File, Format Version 12.00
Project("{FAE04EC0-301F-11D3-BF4B-00C04F79EFBC}") = "Sqlite.Exporter", "src\Sqlite.Exporter\Sqlite.Exporter.csproj", "{B3BD02FC-F7D9-48AB-ABAD-BC2FC0CE1220}"
EndProject
Project("{FAE04EC0-301F-11D3-BF4B-00C04F79EFBC}") = "MySql.Exporter", "src\MySql.Exporter\MySql.Exporter.csproj", "{7B47BDFB-F324-4242-9149-AF75C347457E}"
EndProject
Project("{FAE04EC0-301F-11D3-BF4B-00C04F79EFBC}") = "Akka.Persistence.Sql.Exporter.Shared", "src\Akka.Persistence.Sql.Exporter.Shared\Akka.Persistence.Sql.Exporter.Shared.csproj", "{457A6D02-60FE-4622-8966-54A17442BCF4}"
EndProject
Project("{FAE04EC0-301F-11D3-BF4B-00C04F79EFBC}") = "SqlServer.Exporter", "src\SqlServer.Exporter\SqlServer.Exporter.csproj", "{5ED55E80-132B-485C-9A07-E927BB27AE07}"
EndProject
Project("{2150E333-8FDC-42A3-9474-1A3956D46DE8}") = "Build", "Build", "{8975719B-F275-4B9D-950F-BBF878EF2D0E}"
	ProjectSection(SolutionItems) = preProject
		build.ps1 = build.ps1
		src\Directory.Build.props = src\Directory.Build.props
	EndProjectSection
EndProject
Project("{FAE04EC0-301F-11D3-BF4B-00C04F79EFBC}") = "PostgreSql.Exporter", "src\PostgreSql.Exporter\PostgreSql.Exporter.csproj", "{6751E029-5644-4675-812A-4DF61CCD09EE}"
EndProject
Project("{FAE04EC0-301F-11D3-BF4B-00C04F79EFBC}") = "Akka.Persistence.Sql.Compat.Common", "src\Akka.Persistence.Sql.Compat.Common\Akka.Persistence.Sql.Compat.Common.csproj", "{835E3257-495E-4C80-BB81-3C5D5F8BC285}"
EndProject
Global
	GlobalSection(SolutionConfigurationPlatforms) = preSolution
		Debug|Any CPU = Debug|Any CPU
		Release|Any CPU = Release|Any CPU
	EndGlobalSection
	GlobalSection(ProjectConfigurationPlatforms) = postSolution
		{B3BD02FC-F7D9-48AB-ABAD-BC2FC0CE1220}.Debug|Any CPU.ActiveCfg = Debug|Any CPU
		{B3BD02FC-F7D9-48AB-ABAD-BC2FC0CE1220}.Debug|Any CPU.Build.0 = Debug|Any CPU
		{B3BD02FC-F7D9-48AB-ABAD-BC2FC0CE1220}.Release|Any CPU.ActiveCfg = Release|Any CPU
		{B3BD02FC-F7D9-48AB-ABAD-BC2FC0CE1220}.Release|Any CPU.Build.0 = Release|Any CPU
		{7B47BDFB-F324-4242-9149-AF75C347457E}.Debug|Any CPU.ActiveCfg = Debug|Any CPU
		{7B47BDFB-F324-4242-9149-AF75C347457E}.Debug|Any CPU.Build.0 = Debug|Any CPU
		{7B47BDFB-F324-4242-9149-AF75C347457E}.Release|Any CPU.ActiveCfg = Release|Any CPU
		{7B47BDFB-F324-4242-9149-AF75C347457E}.Release|Any CPU.Build.0 = Release|Any CPU
		{457A6D02-60FE-4622-8966-54A17442BCF4}.Debug|Any CPU.ActiveCfg = Debug|Any CPU
		{457A6D02-60FE-4622-8966-54A17442BCF4}.Debug|Any CPU.Build.0 = Debug|Any CPU
		{457A6D02-60FE-4622-8966-54A17442BCF4}.Release|Any CPU.ActiveCfg = Release|Any CPU
		{457A6D02-60FE-4622-8966-54A17442BCF4}.Release|Any CPU.Build.0 = Release|Any CPU
		{5ED55E80-132B-485C-9A07-E927BB27AE07}.Debug|Any CPU.ActiveCfg = Debug|Any CPU
		{5ED55E80-132B-485C-9A07-E927BB27AE07}.Debug|Any CPU.Build.0 = Debug|Any CPU
		{5ED55E80-132B-485C-9A07-E927BB27AE07}.Release|Any CPU.ActiveCfg = Release|Any CPU
		{5ED55E80-132B-485C-9A07-E927BB27AE07}.Release|Any CPU.Build.0 = Release|Any CPU
		{6751E029-5644-4675-812A-4DF61CCD09EE}.Debug|Any CPU.ActiveCfg = Debug|Any CPU
		{6751E029-5644-4675-812A-4DF61CCD09EE}.Debug|Any CPU.Build.0 = Debug|Any CPU
		{6751E029-5644-4675-812A-4DF61CCD09EE}.Release|Any CPU.ActiveCfg = Release|Any CPU
		{6751E029-5644-4675-812A-4DF61CCD09EE}.Release|Any CPU.Build.0 = Release|Any CPU
		{835E3257-495E-4C80-BB81-3C5D5F8BC285}.Debug|Any CPU.ActiveCfg = Debug|Any CPU
		{835E3257-495E-4C80-BB81-3C5D5F8BC285}.Debug|Any CPU.Build.0 = Debug|Any CPU
		{835E3257-495E-4C80-BB81-3C5D5F8BC285}.Release|Any CPU.ActiveCfg = Release|Any CPU
		{835E3257-495E-4C80-BB81-3C5D5F8BC285}.Release|Any CPU.Build.0 = Release|Any CPU
	EndGlobalSection
EndGlobal
